PackratFormat: 1.4
PackratVersion: 0.4.8.1
RVersion: 3.4.0
Repos: CRAN=https://cran.rstudio.com/

Package: AlgDesign
Source: CRAN
Version: 1.1-7.3
Hash: 6cef7153e90ed87f20e4db62edeb5678

Package: BH
Source: CRAN
Version: 1.62.0-1
Hash: 14dfb3e8ffe20996118306ff4de1fab2

Package: DBI
Source: CRAN
Version: 0.6-1
Hash: 4aef5bda70897c1663d5b8bae2f4419a

Package: LearnBayes
Source: CRAN
Version: 2.15
Hash: 30b82af4dd303c0161271b2ff97caa4b

Package: MCMCglmm
Source: CRAN
Version: 2.24
Hash: 82fca7200fc431e6bce25132c87b2a2c
Requires: ape, coda, corpcor, cubature, tensorA

Package: MCMCpack
Source: CRAN
Version: 1.3-9
Hash: 513db487433fd486142fbada098e82a4
Requires: coda, mcmc, quantreg

Package: MatrixModels
Source: CRAN
Version: 0.4-1
Hash: 60a5c75e57aae4a0ce76cb7422939aaf

Package: ProjectTemplate
Source: CRAN
Version: 0.7
Hash: c9685cceb3882935804641563f339cbc

Package: R6
Source: CRAN
Version: 2.2.0
Hash: 712773a3439bd32db5c40938e1a9aac2

Package: RColorBrewer
Source: CRAN
Version: 1.1-2
Hash: c0d56cd15034f395874c870141870c25

Package: Rcpp
Source: CRAN
Version: 0.12.10
Hash: 6cf65d0dd6a92f2d43c8d4805d33efe9

Package: RcppEigen
Source: CRAN
Version: 0.3.2.9.1
Hash: 78c99b40f3d8b1f432348916cc1c22c7
Requires: Rcpp

Package: SparseM
Source: CRAN
Version: 1.77
Hash: 08f1f60e1038957030bcd9f4a58d22d8

Package: VGAM
Source: CRAN
Version: 1.0-3
Hash: 9a168901a5b79d5da5ef14eebe74dc36

Package: agricolae
Source: CRAN
Version: 1.2-4
Hash: e879e5353c14e4022c0104d0b141b02c
Requires: AlgDesign, klaR, spdep

Package: ape
Source: CRAN
Version: 4.1
Hash: 69cde77c7421c64fc49a2c610cb486be

Package: assertthat
Source: CRAN
Version: 0.2.0
Hash: e8805df54c65ac96d50235c44a82615c

Package: backports
Source: CRAN
Version: 1.0.5
Hash: 8b835bdc5447f2c76fda198e17d6bda4

Package: base64enc
Source: CRAN
Version: 0.1-3
Hash: c590d29e555926af053055e23ee79efb

Package: bitops
Source: CRAN
Version: 1.0-6
Hash: 67d0775189fd0041d95abca618c5c07e

Package: broom
Source: CRAN
Version: 0.4.2
Hash: 7ebcffa46afb467e3f3c5687946f6e1a
Requires: dplyr, plyr, psych, reshape2, stringr, tidyr

Package: caTools
Source: CRAN
Version: 1.17.1
Hash: 97cb6f6293cd18d17df77a6383cc6763
Requires: bitops

Package: car
Source: CRAN
Version: 2.1-4
Hash: d8cc2f66d4ba0c91312f1c1c5773d502
Requires: pbkrtest, quantreg

Package: cellranger
Source: CRAN
Version: 1.1.0
Hash: 4e1ef4d099b0c5fd531a3938cf4624bd
Requires: rematch, tibble

Package: coda
Source: CRAN
Version: 0.19-1
Hash: e5aff7792ef292cd4306e58e25e403fe

Package: colorspace
Source: CRAN
Version: 1.3-2
Hash: 0bf8618b585fa98eb23414cd3ab95118

Package: combinat
Source: CRAN
Version: 0.0-8
Hash: 1ddebf0315ec8a5c255adc4da9143b81

Package: corpcor
Source: CRAN
Version: 1.6.9
Hash: f641167f85158bfc7cd4b97ac1c26701

Package: cubature
Source: CRAN
Version: 1.3-6
Hash: 5faea2b6585f864ac70a65ba20bdc6ed
Requires: Rcpp

Package: curl
Source: CRAN
Version: 2.5
Hash: 18525896a11a4e04268c762f6391a8f8

Package: deldir
Source: CRAN
Version: 0.1-14
Hash: d898ea6cb91aaf629f785aa898b6e72f

Package: dichromat
Source: CRAN
Version: 2.0-0
Hash: 08eed0c80510af29bb15f840ccfe37ce

Package: digest
Source: CRAN
Version: 0.6.12
Hash: e53fb8c58673df868183697e39a6a4d6

Package: doBy
Source: CRAN
Version: 4.5-15
Hash: f32b2857ddce80d26942e88ed22d4947

Package: dplyr
Source: CRAN
Version: 0.5.0
Hash: 673660fd0b947477dab1044abc8b2c95
Requires: BH, DBI, R6, Rcpp, assertthat, lazyeval, magrittr, tibble

Package: evaluate
Source: CRAN
Version: 0.10
Hash: c3601a10c987d439e0c63ec635234a76
Requires: stringr

Package: expm
Source: CRAN
Version: 0.999-2
Hash: e8f4ac7e9f15ec8b84b4f7ee5ab3104f

Package: fitdistrplus
Source: CRAN
Version: 1.0-9
Hash: d1e1fb479d41b9a934b8991b1f5e7ad6

Package: forcats
Source: CRAN
Version: 0.2.0
Hash: e5a3b0b96a39f5581467b0c6366f7408
Requires: magrittr, tibble

Package: formatR
Source: CRAN
Version: 1.4
Hash: b2a47a2b91737978cf50ba95825a9cd1

Package: gdata
Source: CRAN
Version: 2.17.0
Hash: e7d520c2a9597b303f54499e3bd90644
Requires: gtools

Package: ggplot2
Source: CRAN
Version: 2.2.1
Hash: 46e5cb78836848aa44655e577433f54b
Requires: digest, gtable, lazyeval, plyr, reshape2, scales, tibble

Package: ggthemes
Source: CRAN
Version: 3.4.0
Hash: e9f85417507c5352fc05de654bb6f1ab
Requires: assertthat, colorspace, ggplot2, scales

Package: gmodels
Source: CRAN
Version: 2.16.2
Hash: b8193ebba674bdcf164917241b26c9ae
Requires: gdata

Package: gplots
Source: CRAN
Version: 3.0.1
Hash: b7abe122479c203aa236499b7fc4b816
Requires: caTools, gdata, gtools

Package: gridExtra
Source: CRAN
Version: 2.2.1
Hash: 8f54b57d4b0598ed5b27e0eafe86a670
Requires: gtable

Package: gtable
Source: CRAN
Version: 0.2.0
Hash: cd78381a9d3fea966ac39bd0daaf5554

Package: gtools
Source: CRAN
Version: 3.5.0
Hash: 471b2e2452dfb30fdc1dd6f1b567925a

Package: haven
Source: CRAN
Version: 1.0.0
Hash: c0a627663eb2abb6172350fa8c4f1167
Requires: BH, Rcpp, hms, readr, tibble

Package: highr
Source: CRAN
Version: 0.6
Hash: aa3d5b7912b5fed4b546ed5cd2a1760b

Package: hms
Source: CRAN
Version: 0.3
Hash: 3fca8a1c97e6cfb297fe3f4690f82c58

Package: htmltools
Source: CRAN
Version: 0.3.5
Hash: 3411e0671a44177109dc1a9e4a6bd2a4
Requires: Rcpp, digest

Package: httr
Source: CRAN
Version: 1.2.1
Hash: 7de1f8f760441881804af7c1ff324340
Requires: R6, curl, jsonlite, mime, openssl

Package: jsonlite
Source: CRAN
Version: 1.4
Hash: 24cc0ffeb1771d710173d9803a131870

Package: klaR
Source: CRAN
Version: 0.6-12
Hash: 1609617f5a5998a2d6317351a4dffe03
Requires: combinat

Package: knitr
Source: CRAN
Version: 1.15.1
Hash: eed7437e2b614c9e3923b7932b16ac97
Requires: digest, evaluate, highr, markdown, stringr, yaml

Package: labeling
Source: CRAN
Version: 0.3
Hash: ecf589b42cd284b03a4beb9665482d3e

Package: lazyeval
Source: CRAN
Version: 0.2.0
Hash: 3d6e7608e65bbf5cb170dab1e3c9ed8b

Package: lme4
Source: CRAN
Version: 1.1-13
Hash: d3aa59ebf48bb53e0251e6c454729c34
Requires: Rcpp, RcppEigen, minqa, nloptr

Package: lubridate
Source: CRAN
Version: 1.6.0
Hash: b90f4cbefe0b3c545dd68b22c66a8a12
Requires: stringr

Package: magrittr
Source: CRAN
Version: 1.5
Hash: bdc4d48c3135e8f3b399536ddf160df4

Package: markdown
Source: CRAN
Version: 0.8
Hash: 045d7c594d503b41f1c28946d076c8aa
Requires: mime

Package: mcmc
Source: CRAN
Version: 0.9-5
Hash: 83a0dcaeb047387365d9143c3febb2e8

Package: mime
Source: CRAN
Version: 0.5
Hash: 463550cf44fb6f0a2359368f42eebe62

Package: minqa
Source: CRAN
Version: 1.2.4
Hash: 6e61ec948327e6dd044ccb09cf12db8d
Requires: Rcpp

Package: mnormt
Source: CRAN
Version: 1.5-5
Hash: d0d5efbb1fb26d2dc5f9394c223084b5

Package: modelr
Source: CRAN
Version: 0.1.0
Hash: 7c9848bf4d734f38b8ce91022d8de949
Requires: broom, dplyr, lazyeval, magrittr, purrr, tibble, tidyr

Package: munsell
Source: CRAN
Version: 0.4.3
Hash: f96d896947fcaf9b6d0074002e9f4f9d
Requires: colorspace

Package: nloptr
Source: CRAN
Version: 1.0.4
Hash: 8053df240a4635aeb54fc68c6de67709

Package: openssl
Source: CRAN
Version: 0.9.6
Hash: 5f4711e142a44655dfea4d64fcf2f641

Package: ordinal
Source: CRAN
Version: 2015.6-28
Hash: d91260be4c57ccec8343f2c9eb86d5aa
Requires: ucminf

Package: packrat
Source: CRAN
Version: 0.4.8-1
Hash: 6ad605ba7b4b476d84be6632393f5765

Package: pbkrtest
Source: CRAN
Version: 0.4-7
Hash: f195c3a0f527f69c491569c5cbaaf1db
Requires: lme4

Package: plotMCMC
Source: CRAN
Version: 2.0-0
Hash: 59748033de97a54b9766209dcf25dab3
Requires: coda, gplots

Package: plyr
Source: CRAN
Version: 1.8.4
Hash: c9ddbdcfd74ff964e3e7d0b692a8dd70
Requires: Rcpp

Package: psych
Source: CRAN
Version: 1.7.3.21
Hash: 8111794761e5c334c250e868a9252ff9
Requires: mnormt

Package: purrr
Source: CRAN
Version: 0.2.2
Hash: 9f218b40dee7fe7f942039f974bd98b8
Requires: BH, Rcpp, dplyr, lazyeval, magrittr

Package: quantreg
Source: CRAN
Version: 5.33
Hash: 30421e83e9d36563250019b6b2adafce
Requires: MatrixModels, SparseM

Package: readr
Source: CRAN
Version: 1.1.0
Hash: 3506086f41d307f5a78ee64e010536fa
Requires: BH, R6, Rcpp, hms, tibble

Package: readxl
Source: CRAN
Version: 1.0.0
Hash: f0d3323803148df52bca38095bccce46
Requires: Rcpp, cellranger, tibble

Package: rematch
Source: CRAN
Version: 1.0.1
Hash: ad4faf59e7611117ff165817074c50c7

Package: reshape2
Source: CRAN
Version: 1.4.2
Hash: 790c06c11c84041b814139d731a872b9
Requires: Rcpp, plyr, stringr

Package: rmarkdown
Source: CRAN
Version: 1.4
Hash: 030a6baa0a39c528665ed80d14992c11
Requires: base64enc, caTools, evaluate, htmltools, jsonlite, knitr,
    rprojroot, yaml

Package: rprojroot
Source: CRAN
Version: 1.2
Hash: fdcac51a7f47decd60556ceefc3c26b1
Requires: backports

Package: rvest
Source: CRAN
Version: 0.3.2
Hash: c69f7526520bad66fd2111ebe8b1364b
Requires: httr, magrittr, selectr, xml2

Package: scales
Source: CRAN
Version: 0.4.1
Hash: 2d008b6e3fb9938255669ddf3c85f1f3
Requires: RColorBrewer, Rcpp, dichromat, labeling, munsell, plyr

Package: selectr
Source: CRAN
Version: 0.3-1
Hash: 367275e3dcdd208339e131c7a41bec56
Requires: stringr

Package: sp
Source: CRAN
Version: 1.2-4
Hash: 4ffcf86fffee89e7b859f760528dd545

Package: spdep
Source: CRAN
Version: 0.6-12
Hash: 93bc919f86394e011487da77e7aba327
Requires: LearnBayes, coda, deldir, expm, gmodels, sp

Package: stringi
Source: CRAN
Version: 1.1.5
Hash: b6308e49357a0b475f433599e0d8b5eb

Package: stringr
Source: CRAN
Version: 1.2.0
Hash: 25a86d7f410513ebb7c0bc6a5e16bdc3
Requires: magrittr, stringi

Package: tensorA
Source: CRAN
Version: 0.36
Hash: 2faf6192c6d866485b439fc043187250

Package: tibble
Source: CRAN
Version: 1.3.0
Hash: 8de64ed3345488e66b676875ed1ebdce
Requires: Rcpp, lazyeval

Package: tidyr
Source: CRAN
Version: 0.6.1
Hash: 18d0eb5251ee17447cb84df1a7f010b2
Requires: Rcpp, dplyr, lazyeval, magrittr, stringi, tibble

Package: tidyverse
Source: CRAN
Version: 1.1.1
Hash: 72d5fada870c90b835bbdfc281283c99
Requires: broom, dplyr, forcats, ggplot2, haven, hms, httr, jsonlite,
    lubridate, magrittr, modelr, purrr, readr, readxl, rvest, stringr,
    tibble, tidyr, xml2

Package: ucminf
Source: CRAN
Version: 1.1-4
Hash: 93143d845c6b1969cf0ea8fcac5c9119

Package: viridis
Source: CRAN
Version: 0.4.0
Hash: 5bdac1bcf74a10a7a96f82191f498ab7
Requires: ggplot2, gridExtra, viridisLite

Package: viridisLite
Source: CRAN
Version: 0.2.0
Hash: 10f0c25af3dc84eaae10f5854f47efdb

Package: xml2
Source: CRAN
Version: 1.1.1
Hash: 19ad10ef8e73cb435eb49f9d5d259980
Requires: BH, Rcpp

Package: yaml
Source: CRAN
Version: 2.1.14
Hash: c81230c3a7d9ba20607ad6b4331173d1
